
Microsoft Visual Studio Solution File, Format Version 12.00
# Visual Studio Version 16
VisualStudioVersion = 16.0.29613.14
MinimumVisualStudioVersion = 10.0.40219.1
Project("{FAE04EC0-301F-11D3-BF4B-00C04F79EFBC}") = "TestProjectConsoleApp", "TestProjectConsoleApp\TestProjectConsoleApp.csproj", "{02EACA14-1632-4B0F-B2F8-BE9DF7B9ABEB}"
EndProject
Global
	GlobalSection(SolutionConfigurationPlatforms) = preSolution
		Debug|Any CPU = Debug|Any CPU
		Release|Any CPU = Release|Any CPU
	EndGlobalSection
	GlobalSection(ProjectConfigurationPlatforms) = postSolution
		{02EACA14-1632-4B0F-B2F8-BE9DF7B9ABEB}.Debug|Any CPU.ActiveCfg = Debug|Any CPU
		{02EACA14-1632-4B0F-B2F8-BE9DF7B9ABEB}.Debug|Any CPU.Build.0 = Debug|Any CPU
		{02EACA14-1632-4B0F-B2F8-BE9DF7B9ABEB}.Release|Any CPU.ActiveCfg = Release|Any CPU
		{02EACA14-1632-4B0F-B2F8-BE9DF7B9ABEB}.Release|Any CPU.Build.0 = Release|Any CPU
	EndGlobalSection
	GlobalSection(SolutionProperties) = preSolution
		HideSolutionNode = FALSE
	EndGlobalSection
	GlobalSection(ExtensibilityGlobals) = postSolution
		SolutionGuid = {D1D0C852-C0AE-48FA-937F-084382F04C7F}
	EndGlobalSection
EndGlobal
